
Microsoft Visual Studio Solution File, Format Version 9.00
# Visual Studio 2005
Project("{FAE04EC0-301F-11D3-BF4B-00C04F79EFBC}") = "lazurite", "lazurite\lazurite.csproj", "{CC639589-E70D-4DFB-844C-15F7DCB64C8B}"
EndProject
Global
	GlobalSection(SolutionConfigurationPlatforms) = preSolution
		Debug|Any CPU = Debug|Any CPU
		Release|Any CPU = Release|Any CPU
	EndGlobalSection
	GlobalSection(ProjectConfigurationPlatforms) = postSolution
		{CC639589-E70D-4DFB-844C-15F7DCB64C8B}.Debug|Any CPU.ActiveCfg = Debug|Any CPU
		{CC639589-E70D-4DFB-844C-15F7DCB64C8B}.Debug|Any CPU.Build.0 = Debug|Any CPU
		{CC639589-E70D-4DFB-844C-15F7DCB64C8B}.Release|Any CPU.ActiveCfg = Release|Any CPU
		{CC639589-E70D-4DFB-844C-15F7DCB64C8B}.Release|Any CPU.Build.0 = Release|Any CPU
	EndGlobalSection
	GlobalSection(SolutionProperties) = preSolution
		HideSolutionNode = FALSE
	EndGlobalSection
EndGlobal
